
Microsoft Visual Studio Solution File, Format Version 12.00
# Visual Studio Version 17
VisualStudioVersion = 17.8.34330.188
MinimumVisualStudioVersion = 10.0.40219.1
Project("{FAE04EC0-301F-11D3-BF4B-00C04F79EFBC}") = "MyDotnetApp", "MyDotnetApp.csproj", "{06E03E12-B7CE-41CC-B3C0-5CF11625D0D3}"
EndProject
Global
	GlobalSection(SolutionConfigurationPlatforms) = preSolution
		Debug|Any CPU = Debug|Any CPU
		Release|Any CPU = Release|Any CPU
	EndGlobalSection
	GlobalSection(ProjectConfigurationPlatforms) = postSolution
		{06E03E12-B7CE-41CC-B3C0-5CF11625D0D3}.Debug|Any CPU.ActiveCfg = Debug|Any CPU
		{06E03E12-B7CE-41CC-B3C0-5CF11625D0D3}.Debug|Any CPU.Build.0 = Debug|Any CPU
		{06E03E12-B7CE-41CC-B3C0-5CF11625D0D3}.Release|Any CPU.ActiveCfg = Release|Any CPU
		{06E03E12-B7CE-41CC-B3C0-5CF11625D0D3}.Release|Any CPU.Build.0 = Release|Any CPU
	EndGlobalSection
	GlobalSection(SolutionProperties) = preSolution
		HideSolutionNode = FALSE
	EndGlobalSection
	GlobalSection(ExtensibilityGlobals) = postSolution
		SolutionGuid = {28D00F6E-91DC-4D7F-B573-2C09CC399008}
	EndGlobalSection
EndGlobal
